
Microsoft Visual Studio Solution File, Format Version 12.00
# Visual Studio Version 17
VisualStudioVersion = 17.5.33627.172
MinimumVisualStudioVersion = 10.0.40219.1
Project("{FAE04EC0-301F-11D3-BF4B-00C04F79EFBC}") = "PlatformsMonoGame", "PlatformsMonoGame\PlatformsMonoGame.csproj", "{922593B4-3D9B-4DAA-B4B1-75CDEE67E911}"
EndProject
Global
	GlobalSection(SolutionConfigurationPlatforms) = preSolution
		Debug|Any CPU = Debug|Any CPU
		Release|Any CPU = Release|Any CPU
	EndGlobalSection
	GlobalSection(ProjectConfigurationPlatforms) = postSolution
		{922593B4-3D9B-4DAA-B4B1-75CDEE67E911}.Debug|Any CPU.ActiveCfg = Debug|Any CPU
		{922593B4-3D9B-4DAA-B4B1-75CDEE67E911}.Debug|Any CPU.Build.0 = Debug|Any CPU
		{922593B4-3D9B-4DAA-B4B1-75CDEE67E911}.Release|Any CPU.ActiveCfg = Release|Any CPU
		{922593B4-3D9B-4DAA-B4B1-75CDEE67E911}.Release|Any CPU.Build.0 = Release|Any CPU
	EndGlobalSection
	GlobalSection(SolutionProperties) = preSolution
		HideSolutionNode = FALSE
	EndGlobalSection
	GlobalSection(ExtensibilityGlobals) = postSolution
		SolutionGuid = {D015D0F4-78D4-45F5-B434-343A5E948D57}
	EndGlobalSection
EndGlobal
