
Microsoft Visual Studio Solution File, Format Version 12.00
# Visual Studio Version 17
VisualStudioVersion = 17.5.33414.496
MinimumVisualStudioVersion = 10.0.40219.1
Project("{9A19103F-16F7-4668-BE54-9A1E7A4F7556}") = "ModelViewController", "ModelViewController\ModelViewController.csproj", "{AD2BA8C1-32A9-47A2-A7D4-1D0597F027A4}"
EndProject
Global
	GlobalSection(SolutionConfigurationPlatforms) = preSolution
		Debug|Any CPU = Debug|Any CPU
		Release|Any CPU = Release|Any CPU
	EndGlobalSection
	GlobalSection(ProjectConfigurationPlatforms) = postSolution
		{AD2BA8C1-32A9-47A2-A7D4-1D0597F027A4}.Debug|Any CPU.ActiveCfg = Debug|Any CPU
		{AD2BA8C1-32A9-47A2-A7D4-1D0597F027A4}.Debug|Any CPU.Build.0 = Debug|Any CPU
		{AD2BA8C1-32A9-47A2-A7D4-1D0597F027A4}.Release|Any CPU.ActiveCfg = Release|Any CPU
		{AD2BA8C1-32A9-47A2-A7D4-1D0597F027A4}.Release|Any CPU.Build.0 = Release|Any CPU
	EndGlobalSection
	GlobalSection(SolutionProperties) = preSolution
		HideSolutionNode = FALSE
	EndGlobalSection
	GlobalSection(ExtensibilityGlobals) = postSolution
		SolutionGuid = {EFE7874E-FDAF-43BE-9AB8-1C4C0E386467}
	EndGlobalSection
EndGlobal
